// !$*UTF8*$!
{
	archiveVersion = 1;
	classes = {
	};
	objectVersion = 56;
	objects = {

/* Begin PBXBuildFile section */
		A1B2C3D400000020 /* KanshiApp.swift in Sources */ = {isa = PBXBuildFile; fileRef = A1B2C3D400000010 /* KanshiApp.swift */; };
		A1B2C3D400000021 /* GitHubService.swift in Sources */ = {isa = PBXBuildFile; fileRef = A1B2C3D400000011 /* GitHubService.swift */; };
		A1B2C3D400000022 /* StatusViewModel.swift in Sources */ = {isa = PBXBuildFile; fileRef = A1B2C3D400000012 /* StatusViewModel.swift */; };
		A1B2C3D400000023 /* PopoverView.swift in Sources */ = {isa = PBXBuildFile; fileRef = A1B2C3D400000013 /* PopoverView.swift */; };
		A1B2C3D400000024 /* FloatingWindow.swift in Sources */ = {isa = PBXBuildFile; fileRef = A1B2C3D400000014 /* FloatingWindow.swift */; };
/* End PBXBuildFile section */

/* Begin PBXFileReference section */
		A1B2C3D400000010 /* KanshiApp.swift */ = {isa = PBXFileReference; lastKnownFileType = sourcecode.swift; path = KanshiApp.swift; sourceTree = "<group>"; };
		A1B2C3D400000011 /* GitHubService.swift */ = {isa = PBXFileReference; lastKnownFileType = sourcecode.swift; path = GitHubService.swift; sourceTree = "<group>"; };
		A1B2C3D400000012 /* StatusViewModel.swift */ = {isa = PBXFileReference; lastKnownFileType = sourcecode.swift; path = StatusViewModel.swift; sourceTree = "<group>"; };
		A1B2C3D400000013 /* PopoverView.swift */ = {isa = PBXFileReference; lastKnownFileType = sourcecode.swift; path = PopoverView.swift; sourceTree = "<group>"; };
		A1B2C3D400000014 /* FloatingWindow.swift */ = {isa = PBXFileReference; lastKnownFileType = sourcecode.swift; path = FloatingWindow.swift; sourceTree = "<group>"; };
		A1B2C3D400000015 /* Info.plist */ = {isa = PBXFileReference; lastKnownFileType = text.plist.xml; path = Info.plist; sourceTree = "<group>"; };
		A1B2C3D400000016 /* Kanshi.app */ = {isa = PBXFileReference; explicitFileType = wrapper.application; includeInIndex = 0; path = Kanshi.app; sourceTree = BUILT_PRODUCTS_DIR; };
		A1B2C3D400000017 /* Kanshi.entitlements */ = {isa = PBXFileReference; lastKnownFileType = text.plist.entitlements; path = Kanshi.entitlements; sourceTree = "<group>"; };
/* End PBXFileReference section */

/* Begin PBXFrameworksBuildPhase section */
		A1B2C3D400000031 /* Frameworks */ = {
			isa = PBXFrameworksBuildPhase;
			buildActionMask = 2147483647;
			files = (
			);
			runOnlyForDeploymentPostprocessing = 0;
		};
/* End PBXFrameworksBuildPhase section */

/* Begin PBXGroup section */
		A1B2C3D400000002 /* root */ = {
			isa = PBXGroup;
			children = (
				A1B2C3D400000003 /* Kanshi */,
				A1B2C3D400000005 /* Products */,
			);
			sourceTree = "<group>";
		};
		A1B2C3D400000003 /* Kanshi */ = {
			isa = PBXGroup;
			children = (
				A1B2C3D400000010 /* KanshiApp.swift */,
				A1B2C3D400000011 /* GitHubService.swift */,
				A1B2C3D400000012 /* StatusViewModel.swift */,
				A1B2C3D400000004 /* Views */,
				A1B2C3D400000015 /* Info.plist */,
				A1B2C3D400000017 /* Kanshi.entitlements */,
			);
			path = Kanshi;
			sourceTree = "<group>";
		};
		A1B2C3D400000004 /* Views */ = {
			isa = PBXGroup;
			children = (
				A1B2C3D400000013 /* PopoverView.swift */,
				A1B2C3D400000014 /* FloatingWindow.swift */,
			);
			path = Views;
			sourceTree = "<group>";
		};
		A1B2C3D400000005 /* Products */ = {
			isa = PBXGroup;
			children = (
				A1B2C3D400000016 /* Kanshi.app */,
			);
			name = Products;
			sourceTree = "<group>";
		};
/* End PBXGroup section */

/* Begin PBXNativeTarget section */
		A1B2C3D400000040 /* Kanshi */ = {
			isa = PBXNativeTarget;
			buildConfigurationList = A1B2C3D400000053 /* Build configuration list for PBXNativeTarget "Kanshi" */;
			buildPhases = (
				A1B2C3D400000030 /* Sources */,
				A1B2C3D400000031 /* Frameworks */,
			);
			buildRules = (
			);
			dependencies = (
			);
			name = Kanshi;
			productName = Kanshi;
			productReference = A1B2C3D400000016 /* Kanshi.app */;
			productType = "com.apple.product-type.application";
		};
/* End PBXNativeTarget section */

/* Begin PBXProject section */
		A1B2C3D400000001 /* Project object */ = {
			isa = PBXProject;
			attributes = {
				BuildIndependentTargetsInParallel = 1;
				LastSwiftUpdateCheck = 1540;
				LastUpgradeCheck = 1540;
			};
			buildConfigurationList = A1B2C3D400000050 /* Build configuration list for PBXProject "Kanshi" */;
			compatibilityVersion = "Xcode 14.0";
			developmentRegion = en;
			hasScannedForEncodings = 0;
			knownRegions = (
				en,
				Base,
			);
			mainGroup = A1B2C3D400000002 /* root */;
			productRefGroup = A1B2C3D400000005 /* Products */;
			projectDirPath = "";
			projectRoot = "";
			targets = (
				A1B2C3D400000040 /* Kanshi */,
			);
		};
/* End PBXProject section */

/* Begin PBXSourcesBuildPhase section */
		A1B2C3D400000030 /* Sources */ = {
			isa = PBXSourcesBuildPhase;
			buildActionMask = 2147483647;
			files = (
				A1B2C3D400000020 /* KanshiApp.swift in Sources */,
				A1B2C3D400000021 /* GitHubService.swift in Sources */,
				A1B2C3D400000022 /* StatusViewModel.swift in Sources */,
				A1B2C3D400000023 /* PopoverView.swift in Sources */,
				A1B2C3D400000024 /* FloatingWindow.swift in Sources */,
			);
			runOnlyForDeploymentPostprocessing = 0;
		};
/* End PBXSourcesBuildPhase section */

/* Begin XCBuildConfiguration section */
		A1B2C3D400000051 /* Debug */ = {
			isa = XCBuildConfiguration;
			buildSettings = {
				ALWAYS_SEARCH_USER_PATHS = NO;
				CLANG_ENABLE_MODULES = YES;
				COPY_PHASE_STRIP = NO;
				DEBUG_INFORMATION_FORMAT = dwarf;
				ENABLE_STRICT_OBJC_MSGSEND = YES;
				ENABLE_TESTABILITY = YES;
				GCC_DYNAMIC_NO_PIC = NO;
				GCC_OPTIMIZATION_LEVEL = 0;
				GCC_PREPROCESSOR_DEFINITIONS = (
					"DEBUG=1",
					"$(inherited)",
				);
				MACOSX_DEPLOYMENT_TARGET = 14.0;
				MTL_ENABLE_DEBUG_INFO = INCLUDE_SOURCE;
				ONLY_ACTIVE_ARCH = YES;
				SDKROOT = macosx;
				SWIFT_ACTIVE_COMPILATION_CONDITIONS = "$(inherited) DEBUG";
				SWIFT_OPTIMIZATION_LEVEL = "-Onone";
			};
			name = Debug;
		};
		A1B2C3D400000052 /* Release */ = {
			isa = XCBuildConfiguration;
			buildSettings = {
				ALWAYS_SEARCH_USER_PATHS = NO;
				CLANG_ENABLE_MODULES = YES;
				COPY_PHASE_STRIP = NO;
				DEBUG_INFORMATION_FORMAT = "dwarf-with-dsym";
				ENABLE_NS_ASSERTIONS = NO;
				ENABLE_STRICT_OBJC_MSGSEND = YES;
				MACOSX_DEPLOYMENT_TARGET = 14.0;
				MTL_ENABLE_DEBUG_INFO = NO;
				SDKROOT = macosx;
				SWIFT_COMPILATION_MODE = wholemodule;
			};
			name = Release;
		};
		A1B2C3D400000054 /* Debug */ = {
			isa = XCBuildConfiguration;
			buildSettings = {
				CODE_SIGN_ENTITLEMENTS = Kanshi/Kanshi.entitlements;
				CODE_SIGN_STYLE = Automatic;
				COMBINE_HIDPI_IMAGES = YES;
				CURRENT_PROJECT_VERSION = 1;
				GENERATE_INFOPLIST_FILE = YES;
				INFOPLIST_FILE = Kanshi/Info.plist;
				INFOPLIST_KEY_CFBundleDisplayName = Kanshi;
				INFOPLIST_KEY_NSHumanReadableCopyright = "";
				LD_RUNPATH_SEARCH_PATHS = (
					"$(inherited)",
					"@executable_path/../Frameworks",
				);
				MARKETING_VERSION = 1.0;
				PRODUCT_BUNDLE_IDENTIFIER = com.ruaylabs.Kanshi;
				PRODUCT_NAME = "$(TARGET_NAME)";
				SWIFT_EMIT_LOC_STRINGS = YES;
				SWIFT_VERSION = 5.0;
			};
			name = Debug;
		};
		A1B2C3D400000055 /* Release */ = {
			isa = XCBuildConfiguration;
			buildSettings = {
				CODE_SIGN_ENTITLEMENTS = Kanshi/Kanshi.entitlements;
				CODE_SIGN_STYLE = Automatic;
				COMBINE_HIDPI_IMAGES = YES;
				CURRENT_PROJECT_VERSION = 1;
				GENERATE_INFOPLIST_FILE = YES;
				INFOPLIST_FILE = Kanshi/Info.plist;
				INFOPLIST_KEY_CFBundleDisplayName = Kanshi;
				INFOPLIST_KEY_NSHumanReadableCopyright = "";
				LD_RUNPATH_SEARCH_PATHS = (
					"$(inherited)",
					"@executable_path/../Frameworks",
				);
				MARKETING_VERSION = 1.0;
				PRODUCT_BUNDLE_IDENTIFIER = com.ruaylabs.Kanshi;
				PRODUCT_NAME = "$(TARGET_NAME)";
				SWIFT_EMIT_LOC_STRINGS = YES;
				SWIFT_VERSION = 5.0;
			};
			name = Release;
		};
/* End XCBuildConfiguration section */

/* Begin XCConfigurationList section */
		A1B2C3D400000050 /* Build configuration list for PBXProject "Kanshi" */ = {
			isa = XCConfigurationList;
			buildConfigurations = (
				A1B2C3D400000051 /* Debug */,
				A1B2C3D400000052 /* Release */,
			);
			defaultConfigurationIsVisible = 0;
			defaultConfigurationName = Release;
		};
		A1B2C3D400000053 /* Build configuration list for PBXNativeTarget "Kanshi" */ = {
			isa = XCConfigurationList;
			buildConfigurations = (
				A1B2C3D400000054 /* Debug */,
				A1B2C3D400000055 /* Release */,
			);
			defaultConfigurationIsVisible = 0;
			defaultConfigurationName = Release;
		};
/* End XCConfigurationList section */
	};
	rootObject = A1B2C3D400000001 /* Project object */;
}
